// !$*UTF8*$!
{
	archiveVersion = 1;
	classes = {
	};
	objectVersion = 56;
	objects = {

/* Begin PBXBuildFile section */
		97A068F52964DC55008E3DB6 /* multimediaApp.swift in Sources */ = {isa = PBXBuildFile; fileRef = 97A068F42964DC55008E3DB6 /* multimediaApp.swift */; };
		97A068F72964DC55008E3DB6 /* ContentView.swift in Sources */ = {isa = PBXBuildFile; fileRef = 97A068F62964DC55008E3DB6 /* ContentView.swift */; };
		97A068F92964DC57008E3DB6 /* Assets.xcassets in Resources */ = {isa = PBXBuildFile; fileRef = 97A068F82964DC57008E3DB6 /* Assets.xcassets */; };
		97A068FC2964DC57008E3DB6 /* Preview Assets.xcassets in Resources */ = {isa = PBXBuildFile; fileRef = 97A068FB2964DC57008E3DB6 /* Preview Assets.xcassets */; };
		97A069072964DC57008E3DB6 /* multimediaTests.swift in Sources */ = {isa = PBXBuildFile; fileRef = 97A069062964DC57008E3DB6 /* multimediaTests.swift */; };
		97A069112964DC57008E3DB6 /* multimediaUITests.swift in Sources */ = {isa = PBXBuildFile; fileRef = 97A069102964DC57008E3DB6 /* multimediaUITests.swift */; };
		97A069132964DC57008E3DB6 /* multimediaUITestsLaunchTests.swift in Sources */ = {isa = PBXBuildFile; fileRef = 97A069122964DC57008E3DB6 /* multimediaUITestsLaunchTests.swift */; };
/* End PBXBuildFile section */

/* Begin PBXContainerItemProxy section */
		97A069032964DC57008E3DB6 /* PBXContainerItemProxy */ = {
			isa = PBXContainerItemProxy;
			containerPortal = 97A068E92964DC55008E3DB6 /* Project object */;
			proxyType = 1;
			remoteGlobalIDString = 97A068F02964DC55008E3DB6;
			remoteInfo = multimedia;
		};
		97A0690D2964DC57008E3DB6 /* PBXContainerItemProxy */ = {
			isa = PBXContainerItemProxy;
			containerPortal = 97A068E92964DC55008E3DB6 /* Project object */;
			proxyType = 1;
			remoteGlobalIDString = 97A068F02964DC55008E3DB6;
			remoteInfo = multimedia;
		};
/* End PBXContainerItemProxy section */

/* Begin PBXFileReference section */
		97A068F12964DC55008E3DB6 /* multimedia.app */ = {isa = PBXFileReference; explicitFileType = wrapper.application; includeInIndex = 0; path = multimedia.app; sourceTree = BUILT_PRODUCTS_DIR; };
		97A068F42964DC55008E3DB6 /* multimediaApp.swift */ = {isa = PBXFileReference; lastKnownFileType = sourcecode.swift; path = multimediaApp.swift; sourceTree = "<group>"; };
		97A068F62964DC55008E3DB6 /* ContentView.swift */ = {isa = PBXFileReference; lastKnownFileType = sourcecode.swift; path = ContentView.swift; sourceTree = "<group>"; };
		97A068F82964DC57008E3DB6 /* Assets.xcassets */ = {isa = PBXFileReference; lastKnownFileType = folder.assetcatalog; path = Assets.xcassets; sourceTree = "<group>"; };
		97A068FB2964DC57008E3DB6 /* Preview Assets.xcassets */ = {isa = PBXFileReference; lastKnownFileType = folder.assetcatalog; path = "Preview Assets.xcassets"; sourceTree = "<group>"; };
		97A068FD2964DC57008E3DB6 /* multimedia.entitlements */ = {isa = PBXFileReference; lastKnownFileType = text.plist.entitlements; path = multimedia.entitlements; sourceTree = "<group>"; };
		97A069022964DC57008E3DB6 /* multimediaTests.xctest */ = {isa = PBXFileReference; explicitFileType = wrapper.cfbundle; includeInIndex = 0; path = multimediaTests.xctest; sourceTree = BUILT_PRODUCTS_DIR; };
		97A069062964DC57008E3DB6 /* multimediaTests.swift */ = {isa = PBXFileReference; lastKnownFileType = sourcecode.swift; path = multimediaTests.swift; sourceTree = "<group>"; };
		97A0690C2964DC57008E3DB6 /* multimediaUITests.xctest */ = {isa = PBXFileReference; explicitFileType = wrapper.cfbundle; includeInIndex = 0; path = multimediaUITests.xctest; sourceTree = BUILT_PRODUCTS_DIR; };
		97A069102964DC57008E3DB6 /* multimediaUITests.swift */ = {isa = PBXFileReference; lastKnownFileType = sourcecode.swift; path = multimediaUITests.swift; sourceTree = "<group>"; };
		97A069122964DC57008E3DB6 /* multimediaUITestsLaunchTests.swift */ = {isa = PBXFileReference; lastKnownFileType = sourcecode.swift; path = multimediaUITestsLaunchTests.swift; sourceTree = "<group>"; };
/* End PBXFileReference section */

/* Begin PBXFrameworksBuildPhase section */
		97A068EE2964DC55008E3DB6 /* Frameworks */ = {
			isa = PBXFrameworksBuildPhase;
			buildActionMask = 2147483647;
			files = (
			);
			runOnlyForDeploymentPostprocessing = 0;
		};
		97A068FF2964DC57008E3DB6 /* Frameworks */ = {
			isa = PBXFrameworksBuildPhase;
			buildActionMask = 2147483647;
			files = (
			);
			runOnlyForDeploymentPostprocessing = 0;
		};
		97A069092964DC57008E3DB6 /* Frameworks */ = {
			isa = PBXFrameworksBuildPhase;
			buildActionMask = 2147483647;
			files = (
			);
			runOnlyForDeploymentPostprocessing = 0;
		};
/* End PBXFrameworksBuildPhase section */

/* Begin PBXGroup section */
		97A068E82964DC55008E3DB6 = {
			isa = PBXGroup;
			children = (
				97A068F32964DC55008E3DB6 /* multimedia */,
				97A069052964DC57008E3DB6 /* multimediaTests */,
				97A0690F2964DC57008E3DB6 /* multimediaUITests */,
				97A068F22964DC55008E3DB6 /* Products */,
			);
			sourceTree = "<group>";
		};
		97A068F22964DC55008E3DB6 /* Products */ = {
			isa = PBXGroup;
			children = (
				97A068F12964DC55008E3DB6 /* multimedia.app */,
				97A069022964DC57008E3DB6 /* multimediaTests.xctest */,
				97A0690C2964DC57008E3DB6 /* multimediaUITests.xctest */,
			);
			name = Products;
			sourceTree = "<group>";
		};
		97A068F32964DC55008E3DB6 /* multimedia */ = {
			isa = PBXGroup;
			children = (
				97A068F42964DC55008E3DB6 /* multimediaApp.swift */,
				97A068F62964DC55008E3DB6 /* ContentView.swift */,
				97A068F82964DC57008E3DB6 /* Assets.xcassets */,
				97A068FD2964DC57008E3DB6 /* multimedia.entitlements */,
				97A068FA2964DC57008E3DB6 /* Preview Content */,
			);
			path = multimedia;
			sourceTree = "<group>";
		};
		97A068FA2964DC57008E3DB6 /* Preview Content */ = {
			isa = PBXGroup;
			children = (
				97A068FB2964DC57008E3DB6 /* Preview Assets.xcassets */,
			);
			path = "Preview Content";
			sourceTree = "<group>";
		};
		97A069052964DC57008E3DB6 /* multimediaTests */ = {
			isa = PBXGroup;
			children = (
				97A069062964DC57008E3DB6 /* multimediaTests.swift */,
			);
			path = multimediaTests;
			sourceTree = "<group>";
		};
		97A0690F2964DC57008E3DB6 /* multimediaUITests */ = {
			isa = PBXGroup;
			children = (
				97A069102964DC57008E3DB6 /* multimediaUITests.swift */,
				97A069122964DC57008E3DB6 /* multimediaUITestsLaunchTests.swift */,
			);
			path = multimediaUITests;
			sourceTree = "<group>";
		};
/* End PBXGroup section */

/* Begin PBXNativeTarget section */
		97A068F02964DC55008E3DB6 /* multimedia */ = {
			isa = PBXNativeTarget;
			buildConfigurationList = 97A069162964DC57008E3DB6 /* Build configuration list for PBXNativeTarget "multimedia" */;
			buildPhases = (
				97A068ED2964DC55008E3DB6 /* Sources */,
				97A068EE2964DC55008E3DB6 /* Frameworks */,
				97A068EF2964DC55008E3DB6 /* Resources */,
			);
			buildRules = (
			);
			dependencies = (
			);
			name = multimedia;
			productName = multimedia;
			productReference = 97A068F12964DC55008E3DB6 /* multimedia.app */;
			productType = "com.apple.product-type.application";
		};
		97A069012964DC57008E3DB6 /* multimediaTests */ = {
			isa = PBXNativeTarget;
			buildConfigurationList = 97A069192964DC57008E3DB6 /* Build configuration list for PBXNativeTarget "multimediaTests" */;
			buildPhases = (
				97A068FE2964DC57008E3DB6 /* Sources */,
				97A068FF2964DC57008E3DB6 /* Frameworks */,
				97A069002964DC57008E3DB6 /* Resources */,
			);
			buildRules = (
			);
			dependencies = (
				97A069042964DC57008E3DB6 /* PBXTargetDependency */,
			);
			name = multimediaTests;
			productName = multimediaTests;
			productReference = 97A069022964DC57008E3DB6 /* multimediaTests.xctest */;
			productType = "com.apple.product-type.bundle.unit-test";
		};
		97A0690B2964DC57008E3DB6 /* multimediaUITests */ = {
			isa = PBXNativeTarget;
			buildConfigurationList = 97A0691C2964DC57008E3DB6 /* Build configuration list for PBXNativeTarget "multimediaUITests" */;
			buildPhases = (
				97A069082964DC57008E3DB6 /* Sources */,
				97A069092964DC57008E3DB6 /* Frameworks */,
				97A0690A2964DC57008E3DB6 /* Resources */,
			);
			buildRules = (
			);
			dependencies = (
				97A0690E2964DC57008E3DB6 /* PBXTargetDependency */,
			);
			name = multimediaUITests;
			productName = multimediaUITests;
			productReference = 97A0690C2964DC57008E3DB6 /* multimediaUITests.xctest */;
			productType = "com.apple.product-type.bundle.ui-testing";
		};
/* End PBXNativeTarget section */

/* Begin PBXProject section */
		97A068E92964DC55008E3DB6 /* Project object */ = {
			isa = PBXProject;
			attributes = {
				BuildIndependentTargetsInParallel = 1;
				LastSwiftUpdateCheck = 1420;
				LastUpgradeCheck = 1420;
				TargetAttributes = {
					97A068F02964DC55008E3DB6 = {
						CreatedOnToolsVersion = 14.2;
					};
					97A069012964DC57008E3DB6 = {
						CreatedOnToolsVersion = 14.2;
						TestTargetID = 97A068F02964DC55008E3DB6;
					};
					97A0690B2964DC57008E3DB6 = {
						CreatedOnToolsVersion = 14.2;
						TestTargetID = 97A068F02964DC55008E3DB6;
					};
				};
			};
			buildConfigurationList = 97A068EC2964DC55008E3DB6 /* Build configuration list for PBXProject "multimedia" */;
			compatibilityVersion = "Xcode 14.0";
			developmentRegion = en;
			hasScannedForEncodings = 0;
			knownRegions = (
				en,
				Base,
			);
			mainGroup = 97A068E82964DC55008E3DB6;
			productRefGroup = 97A068F22964DC55008E3DB6 /* Products */;
			projectDirPath = "";
			projectRoot = "";
			targets = (
				97A068F02964DC55008E3DB6 /* multimedia */,
				97A069012964DC57008E3DB6 /* multimediaTests */,
				97A0690B2964DC57008E3DB6 /* multimediaUITests */,
			);
		};
/* End PBXProject section */

/* Begin PBXResourcesBuildPhase section */
		97A068EF2964DC55008E3DB6 /* Resources */ = {
			isa = PBXResourcesBuildPhase;
			buildActionMask = 2147483647;
			files = (
				97A068FC2964DC57008E3DB6 /* Preview Assets.xcassets in Resources */,
				97A068F92964DC57008E3DB6 /* Assets.xcassets in Resources */,
			);
			runOnlyForDeploymentPostprocessing = 0;
		};
		97A069002964DC57008E3DB6 /* Resources */ = {
			isa = PBXResourcesBuildPhase;
			buildActionMask = 2147483647;
			files = (
			);
			runOnlyForDeploymentPostprocessing = 0;
		};
		97A0690A2964DC57008E3DB6 /* Resources */ = {
			isa = PBXResourcesBuildPhase;
			buildActionMask = 2147483647;
			files = (
			);
			runOnlyForDeploymentPostprocessing = 0;
		};
/* End PBXResourcesBuildPhase section */

/* Begin PBXSourcesBuildPhase section */
		97A068ED2964DC55008E3DB6 /* Sources */ = {
			isa = PBXSourcesBuildPhase;
			buildActionMask = 2147483647;
			files = (
				97A068F72964DC55008E3DB6 /* ContentView.swift in Sources */,
				97A068F52964DC55008E3DB6 /* multimediaApp.swift in Sources */,
			);
			runOnlyForDeploymentPostprocessing = 0;
		};
		97A068FE2964DC57008E3DB6 /* Sources */ = {
			isa = PBXSourcesBuildPhase;
			buildActionMask = 2147483647;
			files = (
				97A069072964DC57008E3DB6 /* multimediaTests.swift in Sources */,
			);
			runOnlyForDeploymentPostprocessing = 0;
		};
		97A069082964DC57008E3DB6 /* Sources */ = {
			isa = PBXSourcesBuildPhase;
			buildActionMask = 2147483647;
			files = (
				97A069112964DC57008E3DB6 /* multimediaUITests.swift in Sources */,
				97A069132964DC57008E3DB6 /* multimediaUITestsLaunchTests.swift in Sources */,
			);
			runOnlyForDeploymentPostprocessing = 0;
		};
/* End PBXSourcesBuildPhase section */

/* Begin PBXTargetDependency section */
		97A069042964DC57008E3DB6 /* PBXTargetDependency */ = {
			isa = PBXTargetDependency;
			target = 97A068F02964DC55008E3DB6 /* multimedia */;
			targetProxy = 97A069032964DC57008E3DB6 /* PBXContainerItemProxy */;
		};
		97A0690E2964DC57008E3DB6 /* PBXTargetDependency */ = {
			isa = PBXTargetDependency;
			target = 97A068F02964DC55008E3DB6 /* multimedia */;
			targetProxy = 97A0690D2964DC57008E3DB6 /* PBXContainerItemProxy */;
		};
/* End PBXTargetDependency section */

/* Begin XCBuildConfiguration section */
		97A069142964DC57008E3DB6 /* Debug */ = {
			isa = XCBuildConfiguration;
			buildSettings = {
				ALWAYS_SEARCH_USER_PATHS = NO;
				CLANG_ANALYZER_NONNULL = YES;
				CLANG_ANALYZER_NUMBER_OBJECT_CONVERSION = YES_AGGRESSIVE;
				CLANG_CXX_LANGUAGE_STANDARD = "gnu++20";
				CLANG_ENABLE_MODULES = YES;
				CLANG_ENABLE_OBJC_ARC = YES;
				CLANG_ENABLE_OBJC_WEAK = YES;
				CLANG_WARN_BLOCK_CAPTURE_AUTORELEASING = YES;
				CLANG_WARN_BOOL_CONVERSION = YES;
				CLANG_WARN_COMMA = YES;
				CLANG_WARN_CONSTANT_CONVERSION = YES;
				CLANG_WARN_DEPRECATED_OBJC_IMPLEMENTATIONS = YES;
				CLANG_WARN_DIRECT_OBJC_ISA_USAGE = YES_ERROR;
				CLANG_WARN_DOCUMENTATION_COMMENTS = YES;
				CLANG_WARN_EMPTY_BODY = YES;
				CLANG_WARN_ENUM_CONVERSION = YES;
				CLANG_WARN_INFINITE_RECURSION = YES;
				CLANG_WARN_INT_CONVERSION = YES;
				CLANG_WARN_NON_LITERAL_NULL_CONVERSION = YES;
				CLANG_WARN_OBJC_IMPLICIT_RETAIN_SELF = YES;
				CLANG_WARN_OBJC_LITERAL_CONVERSION = YES;
				CLANG_WARN_OBJC_ROOT_CLASS = YES_ERROR;
				CLANG_WARN_QUOTED_INCLUDE_IN_FRAMEWORK_HEADER = YES;
				CLANG_WARN_RANGE_LOOP_ANALYSIS = YES;
				CLANG_WARN_STRICT_PROTOTYPES = YES;
				CLANG_WARN_SUSPICIOUS_MOVE = YES;
				CLANG_WARN_UNGUARDED_AVAILABILITY = YES_AGGRESSIVE;
				CLANG_WARN_UNREACHABLE_CODE = YES;
				CLANG_WARN__DUPLICATE_METHOD_MATCH = YES;
				COPY_PHASE_STRIP = NO;
				DEBUG_INFORMATION_FORMAT = dwarf;
				ENABLE_STRICT_OBJC_MSGSEND = YES;
				ENABLE_TESTABILITY = YES;
				GCC_C_LANGUAGE_STANDARD = gnu11;
				GCC_DYNAMIC_NO_PIC = NO;
				GCC_NO_COMMON_BLOCKS = YES;
				GCC_OPTIMIZATION_LEVEL = 0;
				GCC_PREPROCESSOR_DEFINITIONS = (
					"DEBUG=1",
					"$(inherited)",
				);
				GCC_WARN_64_TO_32_BIT_CONVERSION = YES;
				GCC_WARN_ABOUT_RETURN_TYPE = YES_ERROR;
				GCC_WARN_UNDECLARED_SELECTOR = YES;
				GCC_WARN_UNINITIALIZED_AUTOS = YES_AGGRESSIVE;
				GCC_WARN_UNUSED_FUNCTION = YES;
				GCC_WARN_UNUSED_VARIABLE = YES;
				MACOSX_DEPLOYMENT_TARGET = 13.0;
				MTL_ENABLE_DEBUG_INFO = INCLUDE_SOURCE;
				MTL_FAST_MATH = YES;
				ONLY_ACTIVE_ARCH = YES;
				SDKROOT = macosx;
				SWIFT_ACTIVE_COMPILATION_CONDITIONS = DEBUG;
				SWIFT_OPTIMIZATION_LEVEL = "-Onone";
			};
			name = Debug;
		};
		97A069152964DC57008E3DB6 /* Release */ = {
			isa = XCBuildConfiguration;
			buildSettings = {
				ALWAYS_SEARCH_USER_PATHS = NO;
				CLANG_ANALYZER_NONNULL = YES;
				CLANG_ANALYZER_NUMBER_OBJECT_CONVERSION = YES_AGGRESSIVE;
				CLANG_CXX_LANGUAGE_STANDARD = "gnu++20";
				CLANG_ENABLE_MODULES = YES;
				CLANG_ENABLE_OBJC_ARC = YES;
				CLANG_ENABLE_OBJC_WEAK = YES;
				CLANG_WARN_BLOCK_CAPTURE_AUTORELEASING = YES;
				CLANG_WARN_BOOL_CONVERSION = YES;
				CLANG_WARN_COMMA = YES;
				CLANG_WARN_CONSTANT_CONVERSION = YES;
				CLANG_WARN_DEPRECATED_OBJC_IMPLEMENTATIONS = YES;
				CLANG_WARN_DIRECT_OBJC_ISA_USAGE = YES_ERROR;
				CLANG_WARN_DOCUMENTATION_COMMENTS = YES;
				CLANG_WARN_EMPTY_BODY = YES;
				CLANG_WARN_ENUM_CONVERSION = YES;
				CLANG_WARN_INFINITE_RECURSION = YES;
				CLANG_WARN_INT_CONVERSION = YES;
				CLANG_WARN_NON_LITERAL_NULL_CONVERSION = YES;
				CLANG_WARN_OBJC_IMPLICIT_RETAIN_SELF = YES;
				CLANG_WARN_OBJC_LITERAL_CONVERSION = YES;
				CLANG_WARN_OBJC_ROOT_CLASS = YES_ERROR;
				CLANG_WARN_QUOTED_INCLUDE_IN_FRAMEWORK_HEADER = YES;
				CLANG_WARN_RANGE_LOOP_ANALYSIS = YES;
				CLANG_WARN_STRICT_PROTOTYPES = YES;
				CLANG_WARN_SUSPICIOUS_MOVE = YES;
				CLANG_WARN_UNGUARDED_AVAILABILITY = YES_AGGRESSIVE;
				CLANG_WARN_UNREACHABLE_CODE = YES;
				CLANG_WARN__DUPLICATE_METHOD_MATCH = YES;
				COPY_PHASE_STRIP = NO;
				DEBUG_INFORMATION_FORMAT = "dwarf-with-dsym";
				ENABLE_NS_ASSERTIONS = NO;
				ENABLE_STRICT_OBJC_MSGSEND = YES;
				GCC_C_LANGUAGE_STANDARD = gnu11;
				GCC_NO_COMMON_BLOCKS = YES;
				GCC_WARN_64_TO_32_BIT_CONVERSION = YES;
				GCC_WARN_ABOUT_RETURN_TYPE = YES_ERROR;
				GCC_WARN_UNDECLARED_SELECTOR = YES;
				GCC_WARN_UNINITIALIZED_AUTOS = YES_AGGRESSIVE;
				GCC_WARN_UNUSED_FUNCTION = YES;
				GCC_WARN_UNUSED_VARIABLE = YES;
				MACOSX_DEPLOYMENT_TARGET = 13.0;
				MTL_ENABLE_DEBUG_INFO = NO;
				MTL_FAST_MATH = YES;
				SDKROOT = macosx;
				SWIFT_COMPILATION_MODE = wholemodule;
				SWIFT_OPTIMIZATION_LEVEL = "-O";
			};
			name = Release;
		};
		97A069172964DC57008E3DB6 /* Debug */ = {
			isa = XCBuildConfiguration;
			buildSettings = {
				ASSETCATALOG_COMPILER_APPICON_NAME = AppIcon;
				ASSETCATALOG_COMPILER_GLOBAL_ACCENT_COLOR_NAME = AccentColor;
				CODE_SIGN_ENTITLEMENTS = multimedia/multimedia.entitlements;
				CODE_SIGN_STYLE = Automatic;
				COMBINE_HIDPI_IMAGES = YES;
				CURRENT_PROJECT_VERSION = 1;
				DEVELOPMENT_ASSET_PATHS = "\"multimedia/Preview Content\"";
				ENABLE_PREVIEWS = YES;
				GENERATE_INFOPLIST_FILE = YES;
				INFOPLIST_KEY_NSHumanReadableCopyright = "";
				LD_RUNPATH_SEARCH_PATHS = (
					"$(inherited)",
					"@executable_path/../Frameworks",
				);
				MARKETING_VERSION = 1.0;
				PRODUCT_BUNDLE_IDENTIFIER = bonacchi.multimedia;
				PRODUCT_NAME = "$(TARGET_NAME)";
				SWIFT_EMIT_LOC_STRINGS = YES;
				SWIFT_VERSION = 5.0;
			};
			name = Debug;
		};
		97A069182964DC57008E3DB6 /* Release */ = {
			isa = XCBuildConfiguration;
			buildSettings = {
				ASSETCATALOG_COMPILER_APPICON_NAME = AppIcon;
				ASSETCATALOG_COMPILER_GLOBAL_ACCENT_COLOR_NAME = AccentColor;
				CODE_SIGN_ENTITLEMENTS = multimedia/multimedia.entitlements;
				CODE_SIGN_STYLE = Automatic;
				COMBINE_HIDPI_IMAGES = YES;
				CURRENT_PROJECT_VERSION = 1;
				DEVELOPMENT_ASSET_PATHS = "\"multimedia/Preview Content\"";
				ENABLE_PREVIEWS = YES;
				GENERATE_INFOPLIST_FILE = YES;
				INFOPLIST_KEY_NSHumanReadableCopyright = "";
				LD_RUNPATH_SEARCH_PATHS = (
					"$(inherited)",
					"@executable_path/../Frameworks",
				);
				MARKETING_VERSION = 1.0;
				PRODUCT_BUNDLE_IDENTIFIER = bonacchi.multimedia;
				PRODUCT_NAME = "$(TARGET_NAME)";
				SWIFT_EMIT_LOC_STRINGS = YES;
				SWIFT_VERSION = 5.0;
			};
			name = Release;
		};
		97A0691A2964DC57008E3DB6 /* Debug */ = {
			isa = XCBuildConfiguration;
			buildSettings = {
				ALWAYS_EMBED_SWIFT_STANDARD_LIBRARIES = YES;
				BUNDLE_LOADER = "$(TEST_HOST)";
				CODE_SIGN_STYLE = Automatic;
				CURRENT_PROJECT_VERSION = 1;
				GENERATE_INFOPLIST_FILE = YES;
				MACOSX_DEPLOYMENT_TARGET = 13.0;
				MARKETING_VERSION = 1.0;
				PRODUCT_BUNDLE_IDENTIFIER = bonacchi.multimediaTests;
				PRODUCT_NAME = "$(TARGET_NAME)";
				SWIFT_EMIT_LOC_STRINGS = NO;
				SWIFT_VERSION = 5.0;
				TEST_HOST = "$(BUILT_PRODUCTS_DIR)/multimedia.app/$(BUNDLE_EXECUTABLE_FOLDER_PATH)/multimedia";
			};
			name = Debug;
		};
		97A0691B2964DC57008E3DB6 /* Release */ = {
			isa = XCBuildConfiguration;
			buildSettings = {
				ALWAYS_EMBED_SWIFT_STANDARD_LIBRARIES = YES;
				BUNDLE_LOADER = "$(TEST_HOST)";
				CODE_SIGN_STYLE = Automatic;
				CURRENT_PROJECT_VERSION = 1;
				GENERATE_INFOPLIST_FILE = YES;
				MACOSX_DEPLOYMENT_TARGET = 13.0;
				MARKETING_VERSION = 1.0;
				PRODUCT_BUNDLE_IDENTIFIER = bonacchi.multimediaTests;
				PRODUCT_NAME = "$(TARGET_NAME)";
				SWIFT_EMIT_LOC_STRINGS = NO;
				SWIFT_VERSION = 5.0;
				TEST_HOST = "$(BUILT_PRODUCTS_DIR)/multimedia.app/$(BUNDLE_EXECUTABLE_FOLDER_PATH)/multimedia";
			};
			name = Release;
		};
		97A0691D2964DC57008E3DB6 /* Debug */ = {
			isa = XCBuildConfiguration;
			buildSettings = {
				ALWAYS_EMBED_SWIFT_STANDARD_LIBRARIES = YES;
				CODE_SIGN_STYLE = Automatic;
				CURRENT_PROJECT_VERSION = 1;
				GENERATE_INFOPLIST_FILE = YES;
				MARKETING_VERSION = 1.0;
				PRODUCT_BUNDLE_IDENTIFIER = bonacchi.multimediaUITests;
				PRODUCT_NAME = "$(TARGET_NAME)";
				SWIFT_EMIT_LOC_STRINGS = NO;
				SWIFT_VERSION = 5.0;
				TEST_TARGET_NAME = multimedia;
			};
			name = Debug;
		};
		97A0691E2964DC57008E3DB6 /* Release */ = {
			isa = XCBuildConfiguration;
			buildSettings = {
				ALWAYS_EMBED_SWIFT_STANDARD_LIBRARIES = YES;
				CODE_SIGN_STYLE = Automatic;
				CURRENT_PROJECT_VERSION = 1;
				GENERATE_INFOPLIST_FILE = YES;
				MARKETING_VERSION = 1.0;
				PRODUCT_BUNDLE_IDENTIFIER = bonacchi.multimediaUITests;
				PRODUCT_NAME = "$(TARGET_NAME)";
				SWIFT_EMIT_LOC_STRINGS = NO;
				SWIFT_VERSION = 5.0;
				TEST_TARGET_NAME = multimedia;
			};
			name = Release;
		};
/* End XCBuildConfiguration section */

/* Begin XCConfigurationList section */
		97A068EC2964DC55008E3DB6 /* Build configuration list for PBXProject "multimedia" */ = {
			isa = XCConfigurationList;
			buildConfigurations = (
				97A069142964DC57008E3DB6 /* Debug */,
				97A069152964DC57008E3DB6 /* Release */,
			);
			defaultConfigurationIsVisible = 0;
			defaultConfigurationName = Release;
		};
		97A069162964DC57008E3DB6 /* Build configuration list for PBXNativeTarget "multimedia" */ = {
			isa = XCConfigurationList;
			buildConfigurations = (
				97A069172964DC57008E3DB6 /* Debug */,
				97A069182964DC57008E3DB6 /* Release */,
			);
			defaultConfigurationIsVisible = 0;
			defaultConfigurationName = Release;
		};
		97A069192964DC57008E3DB6 /* Build configuration list for PBXNativeTarget "multimediaTests" */ = {
			isa = XCConfigurationList;
			buildConfigurations = (
				97A0691A2964DC57008E3DB6 /* Debug */,
				97A0691B2964DC57008E3DB6 /* Release */,
			);
			defaultConfigurationIsVisible = 0;
			defaultConfigurationName = Release;
		};
		97A0691C2964DC57008E3DB6 /* Build configuration list for PBXNativeTarget "multimediaUITests" */ = {
			isa = XCConfigurationList;
			buildConfigurations = (
				97A0691D2964DC57008E3DB6 /* Debug */,
				97A0691E2964DC57008E3DB6 /* Release */,
			);
			defaultConfigurationIsVisible = 0;
			defaultConfigurationName = Release;
		};
/* End XCConfigurationList section */
	};
	rootObject = 97A068E92964DC55008E3DB6 /* Project object */;
}
